
Microsoft Visual Studio Solution File, Format Version 12.00
# Visual Studio 15
VisualStudioVersion = 15.0.28010.2041
MinimumVisualStudioVersion = 10.0.40219.1
Project("{8BC9CEB8-8B4A-11D0-8D11-00A0C91BC942}") = "HW1_Felicia_Kuan", "HW1_Felicia_Kuan\HW1_Felicia_Kuan.vcxproj", "{252B1BFA-C74F-4867-B125-53A3FE02F150}"
EndProject
Global
	GlobalSection(SolutionConfigurationPlatforms) = preSolution
		Debug|x64 = Debug|x64
		Debug|x86 = Debug|x86
		Release|x64 = Release|x64
		Release|x86 = Release|x86
	EndGlobalSection
	GlobalSection(ProjectConfigurationPlatforms) = postSolution
		{252B1BFA-C74F-4867-B125-53A3FE02F150}.Debug|x64.ActiveCfg = Debug|x64
		{252B1BFA-C74F-4867-B125-53A3FE02F150}.Debug|x64.Build.0 = Debug|x64
		{252B1BFA-C74F-4867-B125-53A3FE02F150}.Debug|x86.ActiveCfg = Debug|Win32
		{252B1BFA-C74F-4867-B125-53A3FE02F150}.Debug|x86.Build.0 = Debug|Win32
		{252B1BFA-C74F-4867-B125-53A3FE02F150}.Release|x64.ActiveCfg = Release|x64
		{252B1BFA-C74F-4867-B125-53A3FE02F150}.Release|x64.Build.0 = Release|x64
		{252B1BFA-C74F-4867-B125-53A3FE02F150}.Release|x86.ActiveCfg = Release|Win32
		{252B1BFA-C74F-4867-B125-53A3FE02F150}.Release|x86.Build.0 = Release|Win32
	EndGlobalSection
	GlobalSection(SolutionProperties) = preSolution
		HideSolutionNode = FALSE
	EndGlobalSection
	GlobalSection(ExtensibilityGlobals) = postSolution
		SolutionGuid = {BACE6318-070B-41F5-86BB-12CB03D1E1E1}
	EndGlobalSection
EndGlobal
